
Microsoft Visual Studio Solution File, Format Version 12.00
# Visual Studio Version 17
VisualStudioVersion = 17.3.32929.385
MinimumVisualStudioVersion = 10.0.40219.1
Project("{8BC9CEB8-8B4A-11D0-8D11-00A0C91BC942}") = "1", "1\1.vcxproj", "{54D7BB9C-5EE8-4F0F-9335-F8094F6E148A}"
EndProject
Project("{8BC9CEB8-8B4A-11D0-8D11-00A0C91BC942}") = "2", "2\2.vcxproj", "{99175523-88BB-41BE-9148-A579D1D681D7}"
EndProject
Project("{8BC9CEB8-8B4A-11D0-8D11-00A0C91BC942}") = "3", "3\3.vcxproj", "{995F6DCA-A8E2-480C-A450-161657477218}"
EndProject
Project("{8BC9CEB8-8B4A-11D0-8D11-00A0C91BC942}") = "4", "4\4.vcxproj", "{C757982E-16A6-4135-9A16-B7B86C1D4DF9}"
EndProject
Project("{8BC9CEB8-8B4A-11D0-8D11-00A0C91BC942}") = "6", "6\6.vcxproj", "{74AF297F-A329-4325-B12B-D3DA9ADC075A}"
EndProject
Project("{8BC9CEB8-8B4A-11D0-8D11-00A0C91BC942}") = "2_2", "2_2\2_2.vcxproj", "{24771974-7570-45BA-9674-848BE402EAA8}"
EndProject
Project("{8BC9CEB8-8B4A-11D0-8D11-00A0C91BC942}") = "4_2", "4_2\4_2.vcxproj", "{92B30A87-58F9-45F4-A370-7AF9BAA45E8C}"
EndProject
Project("{8BC9CEB8-8B4A-11D0-8D11-00A0C91BC942}") = "rk", "rk\rk.vcxproj", "{2CB0413D-E7EF-429D-A355-BA087CC50387}"
EndProject
Project("{8BC9CEB8-8B4A-11D0-8D11-00A0C91BC942}") = "1_2", "1_2\1_2.vcxproj", "{87044E90-D40E-4131-BF62-08E4B980B84E}"
EndProject
Project("{8BC9CEB8-8B4A-11D0-8D11-00A0C91BC942}") = "1_3", "1_3\1_3.vcxproj", "{391D1E35-8B41-4FFE-9E48-DCD43F761C30}"
EndProject
Project("{8BC9CEB8-8B4A-11D0-8D11-00A0C91BC942}") = "2_3", "2_3\2_3.vcxproj", "{208E6F7C-7200-4150-85D5-144349E2FA48}"
EndProject
Project("{8BC9CEB8-8B4A-11D0-8D11-00A0C91BC942}") = "3_3", "3_3\3_3.vcxproj", "{0C339669-C345-41C0-B251-9BE2FC4FA1BC}"
EndProject
Project("{8BC9CEB8-8B4A-11D0-8D11-00A0C91BC942}") = "4_3", "4_3\4_3.vcxproj", "{C8C66CCB-8127-40CD-9E41-C988F780FECA}"
EndProject
Project("{8BC9CEB8-8B4A-11D0-8D11-00A0C91BC942}") = "5_3", "5_3\5_3.vcxproj", "{7D5F8F79-2B9B-4964-A63A-74B16A86D0AB}"
EndProject
Project("{8BC9CEB8-8B4A-11D0-8D11-00A0C91BC942}") = "rk2", "rk2\rk2.vcxproj", "{A46ABF5D-A887-483F-89B2-C499519F765B}"
EndProject
Global
	GlobalSection(SolutionConfigurationPlatforms) = preSolution
		Debug|x64 = Debug|x64
		Debug|x86 = Debug|x86
		Release|x64 = Release|x64
		Release|x86 = Release|x86
	EndGlobalSection
	GlobalSection(ProjectConfigurationPlatforms) = postSolution
		{54D7BB9C-5EE8-4F0F-9335-F8094F6E148A}.Debug|x64.ActiveCfg = Debug|x64
		{54D7BB9C-5EE8-4F0F-9335-F8094F6E148A}.Debug|x64.Build.0 = Debug|x64
		{54D7BB9C-5EE8-4F0F-9335-F8094F6E148A}.Debug|x86.ActiveCfg = Debug|Win32
		{54D7BB9C-5EE8-4F0F-9335-F8094F6E148A}.Debug|x86.Build.0 = Debug|Win32
		{54D7BB9C-5EE8-4F0F-9335-F8094F6E148A}.Release|x64.ActiveCfg = Release|x64
		{54D7BB9C-5EE8-4F0F-9335-F8094F6E148A}.Release|x64.Build.0 = Release|x64
		{54D7BB9C-5EE8-4F0F-9335-F8094F6E148A}.Release|x86.ActiveCfg = Release|Win32
		{54D7BB9C-5EE8-4F0F-9335-F8094F6E148A}.Release|x86.Build.0 = Release|Win32
		{99175523-88BB-41BE-9148-A579D1D681D7}.Debug|x64.ActiveCfg = Debug|x64
		{99175523-88BB-41BE-9148-A579D1D681D7}.Debug|x64.Build.0 = Debug|x64
		{99175523-88BB-41BE-9148-A579D1D681D7}.Debug|x86.ActiveCfg = Debug|Win32
		{99175523-88BB-41BE-9148-A579D1D681D7}.Debug|x86.Build.0 = Debug|Win32
		{99175523-88BB-41BE-9148-A579D1D681D7}.Release|x64.ActiveCfg = Release|x64
		{99175523-88BB-41BE-9148-A579D1D681D7}.Release|x64.Build.0 = Release|x64
		{99175523-88BB-41BE-9148-A579D1D681D7}.Release|x86.ActiveCfg = Release|Win32
		{99175523-88BB-41BE-9148-A579D1D681D7}.Release|x86.Build.0 = Release|Win32
		{995F6DCA-A8E2-480C-A450-161657477218}.Debug|x64.ActiveCfg = Debug|x64
		{995F6DCA-A8E2-480C-A450-161657477218}.Debug|x64.Build.0 = Debug|x64
		{995F6DCA-A8E2-480C-A450-161657477218}.Debug|x86.ActiveCfg = Debug|Win32
		{995F6DCA-A8E2-480C-A450-161657477218}.Debug|x86.Build.0 = Debug|Win32
		{995F6DCA-A8E2-480C-A450-161657477218}.Release|x64.ActiveCfg = Release|x64
		{995F6DCA-A8E2-480C-A450-161657477218}.Release|x64.Build.0 = Release|x64
		{995F6DCA-A8E2-480C-A450-161657477218}.Release|x86.ActiveCfg = Release|Win32
		{995F6DCA-A8E2-480C-A450-161657477218}.Release|x86.Build.0 = Release|Win32
		{C757982E-16A6-4135-9A16-B7B86C1D4DF9}.Debug|x64.ActiveCfg = Debug|x64
		{C757982E-16A6-4135-9A16-B7B86C1D4DF9}.Debug|x64.Build.0 = Debug|x64
		{C757982E-16A6-4135-9A16-B7B86C1D4DF9}.Debug|x86.ActiveCfg = Debug|Win32
		{C757982E-16A6-4135-9A16-B7B86C1D4DF9}.Debug|x86.Build.0 = Debug|Win32
		{C757982E-16A6-4135-9A16-B7B86C1D4DF9}.Release|x64.ActiveCfg = Release|x64
		{C757982E-16A6-4135-9A16-B7B86C1D4DF9}.Release|x64.Build.0 = Release|x64
		{C757982E-16A6-4135-9A16-B7B86C1D4DF9}.Release|x86.ActiveCfg = Release|Win32
		{C757982E-16A6-4135-9A16-B7B86C1D4DF9}.Release|x86.Build.0 = Release|Win32
		{74AF297F-A329-4325-B12B-D3DA9ADC075A}.Debug|x64.ActiveCfg = Debug|x64
		{74AF297F-A329-4325-B12B-D3DA9ADC075A}.Debug|x64.Build.0 = Debug|x64
		{74AF297F-A329-4325-B12B-D3DA9ADC075A}.Debug|x86.ActiveCfg = Debug|Win32
		{74AF297F-A329-4325-B12B-D3DA9ADC075A}.Debug|x86.Build.0 = Debug|Win32
		{74AF297F-A329-4325-B12B-D3DA9ADC075A}.Release|x64.ActiveCfg = Release|x64
		{74AF297F-A329-4325-B12B-D3DA9ADC075A}.Release|x64.Build.0 = Release|x64
		{74AF297F-A329-4325-B12B-D3DA9ADC075A}.Release|x86.ActiveCfg = Release|Win32
		{74AF297F-A329-4325-B12B-D3DA9ADC075A}.Release|x86.Build.0 = Release|Win32
		{24771974-7570-45BA-9674-848BE402EAA8}.Debug|x64.ActiveCfg = Debug|x64
		{24771974-7570-45BA-9674-848BE402EAA8}.Debug|x64.Build.0 = Debug|x64
		{24771974-7570-45BA-9674-848BE402EAA8}.Debug|x86.ActiveCfg = Debug|Win32
		{24771974-7570-45BA-9674-848BE402EAA8}.Debug|x86.Build.0 = Debug|Win32
		{24771974-7570-45BA-9674-848BE402EAA8}.Release|x64.ActiveCfg = Release|x64
		{24771974-7570-45BA-9674-848BE402EAA8}.Release|x64.Build.0 = Release|x64
		{24771974-7570-45BA-9674-848BE402EAA8}.Release|x86.ActiveCfg = Release|Win32
		{24771974-7570-45BA-9674-848BE402EAA8}.Release|x86.Build.0 = Release|Win32
		{92B30A87-58F9-45F4-A370-7AF9BAA45E8C}.Debug|x64.ActiveCfg = Debug|x64
		{92B30A87-58F9-45F4-A370-7AF9BAA45E8C}.Debug|x64.Build.0 = Debug|x64
		{92B30A87-58F9-45F4-A370-7AF9BAA45E8C}.Debug|x86.ActiveCfg = Debug|Win32
		{92B30A87-58F9-45F4-A370-7AF9BAA45E8C}.Debug|x86.Build.0 = Debug|Win32
		{92B30A87-58F9-45F4-A370-7AF9BAA45E8C}.Release|x64.ActiveCfg = Release|x64
		{92B30A87-58F9-45F4-A370-7AF9BAA45E8C}.Release|x64.Build.0 = Release|x64
		{92B30A87-58F9-45F4-A370-7AF9BAA45E8C}.Release|x86.ActiveCfg = Release|Win32
		{92B30A87-58F9-45F4-A370-7AF9BAA45E8C}.Release|x86.Build.0 = Release|Win32
		{2CB0413D-E7EF-429D-A355-BA087CC50387}.Debug|x64.ActiveCfg = Debug|x64
		{2CB0413D-E7EF-429D-A355-BA087CC50387}.Debug|x64.Build.0 = Debug|x64
		{2CB0413D-E7EF-429D-A355-BA087CC50387}.Debug|x86.ActiveCfg = Debug|Win32
		{2CB0413D-E7EF-429D-A355-BA087CC50387}.Debug|x86.Build.0 = Debug|Win32
		{2CB0413D-E7EF-429D-A355-BA087CC50387}.Release|x64.ActiveCfg = Release|x64
		{2CB0413D-E7EF-429D-A355-BA087CC50387}.Release|x64.Build.0 = Release|x64
		{2CB0413D-E7EF-429D-A355-BA087CC50387}.Release|x86.ActiveCfg = Release|Win32
		{2CB0413D-E7EF-429D-A355-BA087CC50387}.Release|x86.Build.0 = Release|Win32
		{87044E90-D40E-4131-BF62-08E4B980B84E}.Debug|x64.ActiveCfg = Debug|x64
		{87044E90-D40E-4131-BF62-08E4B980B84E}.Debug|x64.Build.0 = Debug|x64
		{87044E90-D40E-4131-BF62-08E4B980B84E}.Debug|x86.ActiveCfg = Debug|Win32
		{87044E90-D40E-4131-BF62-08E4B980B84E}.Debug|x86.Build.0 = Debug|Win32
		{87044E90-D40E-4131-BF62-08E4B980B84E}.Release|x64.ActiveCfg = Release|x64
		{87044E90-D40E-4131-BF62-08E4B980B84E}.Release|x64.Build.0 = Release|x64
		{87044E90-D40E-4131-BF62-08E4B980B84E}.Release|x86.ActiveCfg = Release|Win32
		{87044E90-D40E-4131-BF62-08E4B980B84E}.Release|x86.Build.0 = Release|Win32
		{391D1E35-8B41-4FFE-9E48-DCD43F761C30}.Debug|x64.ActiveCfg = Debug|x64
		{391D1E35-8B41-4FFE-9E48-DCD43F761C30}.Debug|x64.Build.0 = Debug|x64
		{391D1E35-8B41-4FFE-9E48-DCD43F761C30}.Debug|x86.ActiveCfg = Debug|Win32
		{391D1E35-8B41-4FFE-9E48-DCD43F761C30}.Debug|x86.Build.0 = Debug|Win32
		{391D1E35-8B41-4FFE-9E48-DCD43F761C30}.Release|x64.ActiveCfg = Release|x64
		{391D1E35-8B41-4FFE-9E48-DCD43F761C30}.Release|x64.Build.0 = Release|x64
		{391D1E35-8B41-4FFE-9E48-DCD43F761C30}.Release|x86.ActiveCfg = Release|Win32
		{391D1E35-8B41-4FFE-9E48-DCD43F761C30}.Release|x86.Build.0 = Release|Win32
		{208E6F7C-7200-4150-85D5-144349E2FA48}.Debug|x64.ActiveCfg = Debug|x64
		{208E6F7C-7200-4150-85D5-144349E2FA48}.Debug|x64.Build.0 = Debug|x64
		{208E6F7C-7200-4150-85D5-144349E2FA48}.Debug|x86.ActiveCfg = Debug|Win32
		{208E6F7C-7200-4150-85D5-144349E2FA48}.Debug|x86.Build.0 = Debug|Win32
		{208E6F7C-7200-4150-85D5-144349E2FA48}.Release|x64.ActiveCfg = Release|x64
		{208E6F7C-7200-4150-85D5-144349E2FA48}.Release|x64.Build.0 = Release|x64
		{208E6F7C-7200-4150-85D5-144349E2FA48}.Release|x86.ActiveCfg = Release|Win32
		{208E6F7C-7200-4150-85D5-144349E2FA48}.Release|x86.Build.0 = Release|Win32
		{0C339669-C345-41C0-B251-9BE2FC4FA1BC}.Debug|x64.ActiveCfg = Debug|x64
		{0C339669-C345-41C0-B251-9BE2FC4FA1BC}.Debug|x64.Build.0 = Debug|x64
		{0C339669-C345-41C0-B251-9BE2FC4FA1BC}.Debug|x86.ActiveCfg = Debug|Win32
		{0C339669-C345-41C0-B251-9BE2FC4FA1BC}.Debug|x86.Build.0 = Debug|Win32
		{0C339669-C345-41C0-B251-9BE2FC4FA1BC}.Release|x64.ActiveCfg = Release|x64
		{0C339669-C345-41C0-B251-9BE2FC4FA1BC}.Release|x64.Build.0 = Release|x64
		{0C339669-C345-41C0-B251-9BE2FC4FA1BC}.Release|x86.ActiveCfg = Release|Win32
		{0C339669-C345-41C0-B251-9BE2FC4FA1BC}.Release|x86.Build.0 = Release|Win32
		{C8C66CCB-8127-40CD-9E41-C988F780FECA}.Debug|x64.ActiveCfg = Debug|x64
		{C8C66CCB-8127-40CD-9E41-C988F780FECA}.Debug|x64.Build.0 = Debug|x64
		{C8C66CCB-8127-40CD-9E41-C988F780FECA}.Debug|x86.ActiveCfg = Debug|Win32
		{C8C66CCB-8127-40CD-9E41-C988F780FECA}.Debug|x86.Build.0 = Debug|Win32
		{C8C66CCB-8127-40CD-9E41-C988F780FECA}.Release|x64.ActiveCfg = Release|x64
		{C8C66CCB-8127-40CD-9E41-C988F780FECA}.Release|x64.Build.0 = Release|x64
		{C8C66CCB-8127-40CD-9E41-C988F780FECA}.Release|x86.ActiveCfg = Release|Win32
		{C8C66CCB-8127-40CD-9E41-C988F780FECA}.Release|x86.Build.0 = Release|Win32
		{7D5F8F79-2B9B-4964-A63A-74B16A86D0AB}.Debug|x64.ActiveCfg = Debug|x64
		{7D5F8F79-2B9B-4964-A63A-74B16A86D0AB}.Debug|x64.Build.0 = Debug|x64
		{7D5F8F79-2B9B-4964-A63A-74B16A86D0AB}.Debug|x86.ActiveCfg = Debug|Win32
		{7D5F8F79-2B9B-4964-A63A-74B16A86D0AB}.Debug|x86.Build.0 = Debug|Win32
		{7D5F8F79-2B9B-4964-A63A-74B16A86D0AB}.Release|x64.ActiveCfg = Release|x64
		{7D5F8F79-2B9B-4964-A63A-74B16A86D0AB}.Release|x64.Build.0 = Release|x64
		{7D5F8F79-2B9B-4964-A63A-74B16A86D0AB}.Release|x86.ActiveCfg = Release|Win32
		{7D5F8F79-2B9B-4964-A63A-74B16A86D0AB}.Release|x86.Build.0 = Release|Win32
		{A46ABF5D-A887-483F-89B2-C499519F765B}.Debug|x64.ActiveCfg = Debug|x64
		{A46ABF5D-A887-483F-89B2-C499519F765B}.Debug|x64.Build.0 = Debug|x64
		{A46ABF5D-A887-483F-89B2-C499519F765B}.Debug|x86.ActiveCfg = Debug|Win32
		{A46ABF5D-A887-483F-89B2-C499519F765B}.Debug|x86.Build.0 = Debug|Win32
		{A46ABF5D-A887-483F-89B2-C499519F765B}.Release|x64.ActiveCfg = Release|x64
		{A46ABF5D-A887-483F-89B2-C499519F765B}.Release|x64.Build.0 = Release|x64
		{A46ABF5D-A887-483F-89B2-C499519F765B}.Release|x86.ActiveCfg = Release|Win32
		{A46ABF5D-A887-483F-89B2-C499519F765B}.Release|x86.Build.0 = Release|Win32
	EndGlobalSection
	GlobalSection(SolutionProperties) = preSolution
		HideSolutionNode = FALSE
	EndGlobalSection
	GlobalSection(ExtensibilityGlobals) = postSolution
		SolutionGuid = {9BB9928B-2449-4755-9B32-F5FCA6DB6CD4}
	EndGlobalSection
EndGlobal
